// !$*UTF8*$!
{
	archiveVersion = 1;
	classes = {
	};
	objectVersion = 77;
	objects = {

/* Begin PBXBuildFile section */
		4D1FBD212C9F5DCD00184AF6 /* NukeUI in Frameworks */ = {isa = PBXBuildFile; productRef = 4D1FBD202C9F5DCD00184AF6 /* NukeUI */; };
		4D1FBD232C9F5DD100184AF6 /* Nuke in Frameworks */ = {isa = PBXBuildFile; productRef = 4D1FBD222C9F5DD100184AF6 /* Nuke */; };
		4D1FBD302CA08ED900184AF6 /* CodableCSV in Frameworks */ = {isa = PBXBuildFile; productRef = 4D1FBD2F2CA08ED900184AF6 /* CodableCSV */; };
		4DE290022CA234F9000B0DD8 /* README.md in Resources */ = {isa = PBXBuildFile; fileRef = 4DE290012CA234F4000B0DD8 /* README.md */; };
/* End PBXBuildFile section */

/* Begin PBXContainerItemProxy section */
		4D2062142C84D3C600D51CED /* PBXContainerItemProxy */ = {
			isa = PBXContainerItemProxy;
			containerPortal = 4D2061F72C84D3C500D51CED /* Project object */;
			proxyType = 1;
			remoteGlobalIDString = 4D2061FE2C84D3C500D51CED;
			remoteInfo = PocketMonsterIndex;
		};
		4D20621E2C84D3C600D51CED /* PBXContainerItemProxy */ = {
			isa = PBXContainerItemProxy;
			containerPortal = 4D2061F72C84D3C500D51CED /* Project object */;
			proxyType = 1;
			remoteGlobalIDString = 4D2061FE2C84D3C500D51CED;
			remoteInfo = PocketMonsterIndex;
		};
/* End PBXContainerItemProxy section */

/* Begin PBXFileReference section */
		4D2061FF2C84D3C500D51CED /* PocketMonsterIndex.app */ = {isa = PBXFileReference; explicitFileType = wrapper.application; includeInIndex = 0; path = PocketMonsterIndex.app; sourceTree = BUILT_PRODUCTS_DIR; };
		4D2062132C84D3C600D51CED /* PocketMonsterIndexTests.xctest */ = {isa = PBXFileReference; explicitFileType = wrapper.cfbundle; includeInIndex = 0; path = PocketMonsterIndexTests.xctest; sourceTree = BUILT_PRODUCTS_DIR; };
		4D20621D2C84D3C600D51CED /* PocketMonsterIndexUITests.xctest */ = {isa = PBXFileReference; explicitFileType = wrapper.cfbundle; includeInIndex = 0; path = PocketMonsterIndexUITests.xctest; sourceTree = BUILT_PRODUCTS_DIR; };
		4DE290012CA234F4000B0DD8 /* README.md */ = {isa = PBXFileReference; lastKnownFileType = net.daringfireball.markdown; path = README.md; sourceTree = "<group>"; };
		4DE290032CA23512000B0DD8 /* pokedex.png */ = {isa = PBXFileReference; lastKnownFileType = image.png; path = pokedex.png; sourceTree = "<group>"; };
/* End PBXFileReference section */

/* Begin PBXFileSystemSynchronizedBuildFileExceptionSet section */
		4D2062252C84D3C600D51CED /* Exceptions for "PocketMonsterIndex" folder in "PocketMonsterIndex" target */ = {
			isa = PBXFileSystemSynchronizedBuildFileExceptionSet;
			membershipExceptions = (
				Info.plist,
			);
			target = 4D2061FE2C84D3C500D51CED /* PocketMonsterIndex */;
		};
/* End PBXFileSystemSynchronizedBuildFileExceptionSet section */

/* Begin PBXFileSystemSynchronizedRootGroup section */
		4D2062012C84D3C500D51CED /* PocketMonsterIndex */ = {
			isa = PBXFileSystemSynchronizedRootGroup;
			exceptions = (
				4D2062252C84D3C600D51CED /* Exceptions for "PocketMonsterIndex" folder in "PocketMonsterIndex" target */,
			);
			path = PocketMonsterIndex;
			sourceTree = "<group>";
		};
		4D2062162C84D3C600D51CED /* PocketMonsterIndexTests */ = {
			isa = PBXFileSystemSynchronizedRootGroup;
			path = PocketMonsterIndexTests;
			sourceTree = "<group>";
		};
		4D2062202C84D3C600D51CED /* PocketMonsterIndexUITests */ = {
			isa = PBXFileSystemSynchronizedRootGroup;
			path = PocketMonsterIndexUITests;
			sourceTree = "<group>";
		};
/* End PBXFileSystemSynchronizedRootGroup section */

/* Begin PBXFrameworksBuildPhase section */
		4D2061FC2C84D3C500D51CED /* Frameworks */ = {
			isa = PBXFrameworksBuildPhase;
			buildActionMask = 2147483647;
			files = (
				4D1FBD212C9F5DCD00184AF6 /* NukeUI in Frameworks */,
				4D1FBD302CA08ED900184AF6 /* CodableCSV in Frameworks */,
				4D1FBD232C9F5DD100184AF6 /* Nuke in Frameworks */,
			);
			runOnlyForDeploymentPostprocessing = 0;
		};
		4D2062102C84D3C600D51CED /* Frameworks */ = {
			isa = PBXFrameworksBuildPhase;
			buildActionMask = 2147483647;
			files = (
			);
			runOnlyForDeploymentPostprocessing = 0;
		};
		4D20621A2C84D3C600D51CED /* Frameworks */ = {
			isa = PBXFrameworksBuildPhase;
			buildActionMask = 2147483647;
			files = (
			);
			runOnlyForDeploymentPostprocessing = 0;
		};
/* End PBXFrameworksBuildPhase section */

/* Begin PBXGroup section */
		4D1FBD1F2C9F5DCD00184AF6 /* Frameworks */ = {
			isa = PBXGroup;
			children = (
			);
			name = Frameworks;
			sourceTree = "<group>";
		};
		4D2061F62C84D3C500D51CED = {
			isa = PBXGroup;
			children = (
				4DE290012CA234F4000B0DD8 /* README.md */,
				4DE290032CA23512000B0DD8 /* pokedex.png */,
				4D2062012C84D3C500D51CED /* PocketMonsterIndex */,
				4D2062162C84D3C600D51CED /* PocketMonsterIndexTests */,
				4D2062202C84D3C600D51CED /* PocketMonsterIndexUITests */,
				4D1FBD1F2C9F5DCD00184AF6 /* Frameworks */,
				4D2062002C84D3C500D51CED /* Products */,
			);
			sourceTree = "<group>";
		};
		4D2062002C84D3C500D51CED /* Products */ = {
			isa = PBXGroup;
			children = (
				4D2061FF2C84D3C500D51CED /* PocketMonsterIndex.app */,
				4D2062132C84D3C600D51CED /* PocketMonsterIndexTests.xctest */,
				4D20621D2C84D3C600D51CED /* PocketMonsterIndexUITests.xctest */,
			);
			name = Products;
			sourceTree = "<group>";
		};
/* End PBXGroup section */

/* Begin PBXNativeTarget section */
		4D2061FE2C84D3C500D51CED /* PocketMonsterIndex */ = {
			isa = PBXNativeTarget;
			buildConfigurationList = 4D2062262C84D3C600D51CED /* Build configuration list for PBXNativeTarget "PocketMonsterIndex" */;
			buildPhases = (
				4D2061FB2C84D3C500D51CED /* Sources */,
				4D2061FC2C84D3C500D51CED /* Frameworks */,
				4D2061FD2C84D3C500D51CED /* Resources */,
			);
			buildRules = (
			);
			dependencies = (
			);
			fileSystemSynchronizedGroups = (
				4D2062012C84D3C500D51CED /* PocketMonsterIndex */,
			);
			name = PocketMonsterIndex;
			packageProductDependencies = (
				4D1FBD202C9F5DCD00184AF6 /* NukeUI */,
				4D1FBD222C9F5DD100184AF6 /* Nuke */,
				4D1FBD2F2CA08ED900184AF6 /* CodableCSV */,
			);
			productName = PocketMonsterIndex;
			productReference = 4D2061FF2C84D3C500D51CED /* PocketMonsterIndex.app */;
			productType = "com.apple.product-type.application";
		};
		4D2062122C84D3C600D51CED /* PocketMonsterIndexTests */ = {
			isa = PBXNativeTarget;
			buildConfigurationList = 4D20622B2C84D3C600D51CED /* Build configuration list for PBXNativeTarget "PocketMonsterIndexTests" */;
			buildPhases = (
				4D20620F2C84D3C600D51CED /* Sources */,
				4D2062102C84D3C600D51CED /* Frameworks */,
				4D2062112C84D3C600D51CED /* Resources */,
			);
			buildRules = (
			);
			dependencies = (
				4D2062152C84D3C600D51CED /* PBXTargetDependency */,
			);
			fileSystemSynchronizedGroups = (
				4D2062162C84D3C600D51CED /* PocketMonsterIndexTests */,
			);
			name = PocketMonsterIndexTests;
			packageProductDependencies = (
			);
			productName = PocketMonsterIndexTests;
			productReference = 4D2062132C84D3C600D51CED /* PocketMonsterIndexTests.xctest */;
			productType = "com.apple.product-type.bundle.unit-test";
		};
		4D20621C2C84D3C600D51CED /* PocketMonsterIndexUITests */ = {
			isa = PBXNativeTarget;
			buildConfigurationList = 4D20622E2C84D3C600D51CED /* Build configuration list for PBXNativeTarget "PocketMonsterIndexUITests" */;
			buildPhases = (
				4D2062192C84D3C600D51CED /* Sources */,
				4D20621A2C84D3C600D51CED /* Frameworks */,
				4D20621B2C84D3C600D51CED /* Resources */,
			);
			buildRules = (
			);
			dependencies = (
				4D20621F2C84D3C600D51CED /* PBXTargetDependency */,
			);
			fileSystemSynchronizedGroups = (
				4D2062202C84D3C600D51CED /* PocketMonsterIndexUITests */,
			);
			name = PocketMonsterIndexUITests;
			packageProductDependencies = (
			);
			productName = PocketMonsterIndexUITests;
			productReference = 4D20621D2C84D3C600D51CED /* PocketMonsterIndexUITests.xctest */;
			productType = "com.apple.product-type.bundle.ui-testing";
		};
/* End PBXNativeTarget section */

/* Begin PBXProject section */
		4D2061F72C84D3C500D51CED /* Project object */ = {
			isa = PBXProject;
			attributes = {
				BuildIndependentTargetsInParallel = 1;
				LastSwiftUpdateCheck = 1610;
				LastUpgradeCheck = 1610;
				TargetAttributes = {
					4D2061FE2C84D3C500D51CED = {
						CreatedOnToolsVersion = 16.1;
					};
					4D2062122C84D3C600D51CED = {
						CreatedOnToolsVersion = 16.1;
						TestTargetID = 4D2061FE2C84D3C500D51CED;
					};
					4D20621C2C84D3C600D51CED = {
						CreatedOnToolsVersion = 16.1;
						TestTargetID = 4D2061FE2C84D3C500D51CED;
					};
				};
			};
			buildConfigurationList = 4D2061FA2C84D3C500D51CED /* Build configuration list for PBXProject "PocketMonsterIndex" */;
			developmentRegion = en;
			hasScannedForEncodings = 0;
			knownRegions = (
				en,
				Base,
			);
			mainGroup = 4D2061F62C84D3C500D51CED;
			minimizedProjectReferenceProxies = 1;
			packageReferences = (
				4D1FBD1E2C9F5D3000184AF6 /* XCRemoteSwiftPackageReference "Nuke" */,
				4D1FBD2E2CA08ED900184AF6 /* XCRemoteSwiftPackageReference "CodableCSV" */,
			);
			preferredProjectObjectVersion = 77;
			productRefGroup = 4D2062002C84D3C500D51CED /* Products */;
			projectDirPath = "";
			projectRoot = "";
			targets = (
				4D2061FE2C84D3C500D51CED /* PocketMonsterIndex */,
				4D2062122C84D3C600D51CED /* PocketMonsterIndexTests */,
				4D20621C2C84D3C600D51CED /* PocketMonsterIndexUITests */,
			);
		};
/* End PBXProject section */

/* Begin PBXResourcesBuildPhase section */
		4D2061FD2C84D3C500D51CED /* Resources */ = {
			isa = PBXResourcesBuildPhase;
			buildActionMask = 2147483647;
			files = (
				4DE290022CA234F9000B0DD8 /* README.md in Resources */,
			);
			runOnlyForDeploymentPostprocessing = 0;
		};
		4D2062112C84D3C600D51CED /* Resources */ = {
			isa = PBXResourcesBuildPhase;
			buildActionMask = 2147483647;
			files = (
			);
			runOnlyForDeploymentPostprocessing = 0;
		};
		4D20621B2C84D3C600D51CED /* Resources */ = {
			isa = PBXResourcesBuildPhase;
			buildActionMask = 2147483647;
			files = (
			);
			runOnlyForDeploymentPostprocessing = 0;
		};
/* End PBXResourcesBuildPhase section */

/* Begin PBXSourcesBuildPhase section */
		4D2061FB2C84D3C500D51CED /* Sources */ = {
			isa = PBXSourcesBuildPhase;
			buildActionMask = 2147483647;
			files = (
			);
			runOnlyForDeploymentPostprocessing = 0;
		};
		4D20620F2C84D3C600D51CED /* Sources */ = {
			isa = PBXSourcesBuildPhase;
			buildActionMask = 2147483647;
			files = (
			);
			runOnlyForDeploymentPostprocessing = 0;
		};
		4D2062192C84D3C600D51CED /* Sources */ = {
			isa = PBXSourcesBuildPhase;
			buildActionMask = 2147483647;
			files = (
			);
			runOnlyForDeploymentPostprocessing = 0;
		};
/* End PBXSourcesBuildPhase section */

/* Begin PBXTargetDependency section */
		4D2062152C84D3C600D51CED /* PBXTargetDependency */ = {
			isa = PBXTargetDependency;
			target = 4D2061FE2C84D3C500D51CED /* PocketMonsterIndex */;
			targetProxy = 4D2062142C84D3C600D51CED /* PBXContainerItemProxy */;
		};
		4D20621F2C84D3C600D51CED /* PBXTargetDependency */ = {
			isa = PBXTargetDependency;
			target = 4D2061FE2C84D3C500D51CED /* PocketMonsterIndex */;
			targetProxy = 4D20621E2C84D3C600D51CED /* PBXContainerItemProxy */;
		};
/* End PBXTargetDependency section */

/* Begin XCBuildConfiguration section */
		4D2062272C84D3C600D51CED /* Debug */ = {
			isa = XCBuildConfiguration;
			buildSettings = {
				ASSETCATALOG_COMPILER_APPICON_NAME = AppIcon;
				ASSETCATALOG_COMPILER_GLOBAL_ACCENT_COLOR_NAME = AccentColor;
				CODE_SIGN_ENTITLEMENTS = PocketMonsterIndex/PocketMonsterIndex.entitlements;
				CODE_SIGN_STYLE = Automatic;
				CURRENT_PROJECT_VERSION = 1;
				DEVELOPMENT_ASSET_PATHS = "\"PocketMonsterIndex/Preview Content\"";
				DEVELOPMENT_TEAM = 3SJ2422ERE;
				ENABLE_HARDENED_RUNTIME = YES;
				ENABLE_PREVIEWS = YES;
				GENERATE_INFOPLIST_FILE = YES;
				INFOPLIST_FILE = PocketMonsterIndex/Info.plist;
				"INFOPLIST_KEY_UIApplicationSceneManifest_Generation[sdk=iphoneos*]" = YES;
				"INFOPLIST_KEY_UIApplicationSceneManifest_Generation[sdk=iphonesimulator*]" = YES;
				"INFOPLIST_KEY_UIApplicationSupportsIndirectInputEvents[sdk=iphoneos*]" = YES;
				"INFOPLIST_KEY_UIApplicationSupportsIndirectInputEvents[sdk=iphonesimulator*]" = YES;
				"INFOPLIST_KEY_UILaunchScreen_Generation[sdk=iphoneos*]" = YES;
				"INFOPLIST_KEY_UILaunchScreen_Generation[sdk=iphonesimulator*]" = YES;
				"INFOPLIST_KEY_UIStatusBarStyle[sdk=iphoneos*]" = UIStatusBarStyleDefault;
				"INFOPLIST_KEY_UIStatusBarStyle[sdk=iphonesimulator*]" = UIStatusBarStyleDefault;
				INFOPLIST_KEY_UISupportedInterfaceOrientations_iPad = "UIInterfaceOrientationPortrait UIInterfaceOrientationPortraitUpsideDown UIInterfaceOrientationLandscapeLeft UIInterfaceOrientationLandscapeRight";
				INFOPLIST_KEY_UISupportedInterfaceOrientations_iPhone = "UIInterfaceOrientationPortrait UIInterfaceOrientationLandscapeLeft UIInterfaceOrientationLandscapeRight";
				IPHONEOS_DEPLOYMENT_TARGET = 18.0;
				LD_RUNPATH_SEARCH_PATHS = "@executable_path/Frameworks";
				"LD_RUNPATH_SEARCH_PATHS[sdk=macosx*]" = "@executable_path/../Frameworks";
				MACOSX_DEPLOYMENT_TARGET = 14.0;
				MARKETING_VERSION = 1.0;
				PRODUCT_BUNDLE_IDENTIFIER = com.emulovevolume.PocketMonsterIndex;
				PRODUCT_NAME = "$(TARGET_NAME)";
				SDKROOT = auto;
				SUPPORTED_PLATFORMS = "iphoneos iphonesimulator macosx xros xrsimulator";
				SWIFT_EMIT_LOC_STRINGS = YES;
				SWIFT_VERSION = 5.0;
				TARGETED_DEVICE_FAMILY = "1,2,7";
				XROS_DEPLOYMENT_TARGET = 2.0;
			};
			name = Debug;
		};
		4D2062282C84D3C600D51CED /* Release */ = {
			isa = XCBuildConfiguration;
			buildSettings = {
				ASSETCATALOG_COMPILER_APPICON_NAME = AppIcon;
				ASSETCATALOG_COMPILER_GLOBAL_ACCENT_COLOR_NAME = AccentColor;
				CODE_SIGN_ENTITLEMENTS = PocketMonsterIndex/PocketMonsterIndex.entitlements;
				CODE_SIGN_STYLE = Automatic;
				CURRENT_PROJECT_VERSION = 1;
				DEVELOPMENT_ASSET_PATHS = "\"PocketMonsterIndex/Preview Content\"";
				DEVELOPMENT_TEAM = 3SJ2422ERE;
				ENABLE_HARDENED_RUNTIME = YES;
				ENABLE_PREVIEWS = YES;
				GENERATE_INFOPLIST_FILE = YES;
				INFOPLIST_FILE = PocketMonsterIndex/Info.plist;
				"INFOPLIST_KEY_UIApplicationSceneManifest_Generation[sdk=iphoneos*]" = YES;
				"INFOPLIST_KEY_UIApplicationSceneManifest_Generation[sdk=iphonesimulator*]" = YES;
				"INFOPLIST_KEY_UIApplicationSupportsIndirectInputEvents[sdk=iphoneos*]" = YES;
				"INFOPLIST_KEY_UIApplicationSupportsIndirectInputEvents[sdk=iphonesimulator*]" = YES;
				"INFOPLIST_KEY_UILaunchScreen_Generation[sdk=iphoneos*]" = YES;
				"INFOPLIST_KEY_UILaunchScreen_Generation[sdk=iphonesimulator*]" = YES;
				"INFOPLIST_KEY_UIStatusBarStyle[sdk=iphoneos*]" = UIStatusBarStyleDefault;
				"INFOPLIST_KEY_UIStatusBarStyle[sdk=iphonesimulator*]" = UIStatusBarStyleDefault;
				INFOPLIST_KEY_UISupportedInterfaceOrientations_iPad = "UIInterfaceOrientationPortrait UIInterfaceOrientationPortraitUpsideDown UIInterfaceOrientationLandscapeLeft UIInterfaceOrientationLandscapeRight";
				INFOPLIST_KEY_UISupportedInterfaceOrientations_iPhone = "UIInterfaceOrientationPortrait UIInterfaceOrientationLandscapeLeft UIInterfaceOrientationLandscapeRight";
				IPHONEOS_DEPLOYMENT_TARGET = 18.0;
				LD_RUNPATH_SEARCH_PATHS = "@executable_path/Frameworks";
				"LD_RUNPATH_SEARCH_PATHS[sdk=macosx*]" = "@executable_path/../Frameworks";
				MACOSX_DEPLOYMENT_TARGET = 14.0;
				MARKETING_VERSION = 1.0;
				PRODUCT_BUNDLE_IDENTIFIER = com.emulovevolume.PocketMonsterIndex;
				PRODUCT_NAME = "$(TARGET_NAME)";
				SDKROOT = auto;
				SUPPORTED_PLATFORMS = "iphoneos iphonesimulator macosx xros xrsimulator";
				SWIFT_EMIT_LOC_STRINGS = YES;
				SWIFT_VERSION = 5.0;
				TARGETED_DEVICE_FAMILY = "1,2,7";
				XROS_DEPLOYMENT_TARGET = 2.0;
			};
			name = Release;
		};
		4D2062292C84D3C600D51CED /* Debug */ = {
			isa = XCBuildConfiguration;
			buildSettings = {
				ALWAYS_SEARCH_USER_PATHS = NO;
				ASSETCATALOG_COMPILER_GENERATE_SWIFT_ASSET_SYMBOL_EXTENSIONS = YES;
				CLANG_ANALYZER_NONNULL = YES;
				CLANG_ANALYZER_NUMBER_OBJECT_CONVERSION = YES_AGGRESSIVE;
				CLANG_CXX_LANGUAGE_STANDARD = "gnu++20";
				CLANG_ENABLE_MODULES = YES;
				CLANG_ENABLE_OBJC_ARC = YES;
				CLANG_ENABLE_OBJC_WEAK = YES;
				CLANG_WARN_BLOCK_CAPTURE_AUTORELEASING = YES;
				CLANG_WARN_BOOL_CONVERSION = YES;
				CLANG_WARN_COMMA = YES;
				CLANG_WARN_CONSTANT_CONVERSION = YES;
				CLANG_WARN_DEPRECATED_OBJC_IMPLEMENTATIONS = YES;
				CLANG_WARN_DIRECT_OBJC_ISA_USAGE = YES_ERROR;
				CLANG_WARN_DOCUMENTATION_COMMENTS = YES;
				CLANG_WARN_EMPTY_BODY = YES;
				CLANG_WARN_ENUM_CONVERSION = YES;
				CLANG_WARN_INFINITE_RECURSION = YES;
				CLANG_WARN_INT_CONVERSION = YES;
				CLANG_WARN_NON_LITERAL_NULL_CONVERSION = YES;
				CLANG_WARN_OBJC_IMPLICIT_RETAIN_SELF = YES;
				CLANG_WARN_OBJC_LITERAL_CONVERSION = YES;
				CLANG_WARN_OBJC_ROOT_CLASS = YES_ERROR;
				CLANG_WARN_QUOTED_INCLUDE_IN_FRAMEWORK_HEADER = YES;
				CLANG_WARN_RANGE_LOOP_ANALYSIS = YES;
				CLANG_WARN_STRICT_PROTOTYPES = YES;
				CLANG_WARN_SUSPICIOUS_MOVE = YES;
				CLANG_WARN_UNGUARDED_AVAILABILITY = YES_AGGRESSIVE;
				CLANG_WARN_UNREACHABLE_CODE = YES;
				CLANG_WARN__DUPLICATE_METHOD_MATCH = YES;
				COPY_PHASE_STRIP = NO;
				DEBUG_INFORMATION_FORMAT = dwarf;
				ENABLE_STRICT_OBJC_MSGSEND = YES;
				ENABLE_TESTABILITY = YES;
				ENABLE_USER_SCRIPT_SANDBOXING = YES;
				GCC_C_LANGUAGE_STANDARD = gnu17;
				GCC_DYNAMIC_NO_PIC = NO;
				GCC_NO_COMMON_BLOCKS = YES;
				GCC_OPTIMIZATION_LEVEL = 0;
				GCC_PREPROCESSOR_DEFINITIONS = (
					"DEBUG=1",
					"$(inherited)",
				);
				GCC_WARN_64_TO_32_BIT_CONVERSION = YES;
				GCC_WARN_ABOUT_RETURN_TYPE = YES_ERROR;
				GCC_WARN_UNDECLARED_SELECTOR = YES;
				GCC_WARN_UNINITIALIZED_AUTOS = YES_AGGRESSIVE;
				GCC_WARN_UNUSED_FUNCTION = YES;
				GCC_WARN_UNUSED_VARIABLE = YES;
				LOCALIZATION_PREFERS_STRING_CATALOGS = YES;
				MTL_ENABLE_DEBUG_INFO = INCLUDE_SOURCE;
				MTL_FAST_MATH = YES;
				ONLY_ACTIVE_ARCH = YES;
				SWIFT_ACTIVE_COMPILATION_CONDITIONS = "DEBUG $(inherited)";
				SWIFT_OPTIMIZATION_LEVEL = "-Onone";
			};
			name = Debug;
		};
		4D20622A2C84D3C600D51CED /* Release */ = {
			isa = XCBuildConfiguration;
			buildSettings = {
				ALWAYS_SEARCH_USER_PATHS = NO;
				ASSETCATALOG_COMPILER_GENERATE_SWIFT_ASSET_SYMBOL_EXTENSIONS = YES;
				CLANG_ANALYZER_NONNULL = YES;
				CLANG_ANALYZER_NUMBER_OBJECT_CONVERSION = YES_AGGRESSIVE;
				CLANG_CXX_LANGUAGE_STANDARD = "gnu++20";
				CLANG_ENABLE_MODULES = YES;
				CLANG_ENABLE_OBJC_ARC = YES;
				CLANG_ENABLE_OBJC_WEAK = YES;
				CLANG_WARN_BLOCK_CAPTURE_AUTORELEASING = YES;
				CLANG_WARN_BOOL_CONVERSION = YES;
				CLANG_WARN_COMMA = YES;
				CLANG_WARN_CONSTANT_CONVERSION = YES;
				CLANG_WARN_DEPRECATED_OBJC_IMPLEMENTATIONS = YES;
				CLANG_WARN_DIRECT_OBJC_ISA_USAGE = YES_ERROR;
				CLANG_WARN_DOCUMENTATION_COMMENTS = YES;
				CLANG_WARN_EMPTY_BODY = YES;
				CLANG_WARN_ENUM_CONVERSION = YES;
				CLANG_WARN_INFINITE_RECURSION = YES;
				CLANG_WARN_INT_CONVERSION = YES;
				CLANG_WARN_NON_LITERAL_NULL_CONVERSION = YES;
				CLANG_WARN_OBJC_IMPLICIT_RETAIN_SELF = YES;
				CLANG_WARN_OBJC_LITERAL_CONVERSION = YES;
				CLANG_WARN_OBJC_ROOT_CLASS = YES_ERROR;
				CLANG_WARN_QUOTED_INCLUDE_IN_FRAMEWORK_HEADER = YES;
				CLANG_WARN_RANGE_LOOP_ANALYSIS = YES;
				CLANG_WARN_STRICT_PROTOTYPES = YES;
				CLANG_WARN_SUSPICIOUS_MOVE = YES;
				CLANG_WARN_UNGUARDED_AVAILABILITY = YES_AGGRESSIVE;
				CLANG_WARN_UNREACHABLE_CODE = YES;
				CLANG_WARN__DUPLICATE_METHOD_MATCH = YES;
				COPY_PHASE_STRIP = NO;
				DEBUG_INFORMATION_FORMAT = "dwarf-with-dsym";
				ENABLE_NS_ASSERTIONS = NO;
				ENABLE_STRICT_OBJC_MSGSEND = YES;
				ENABLE_USER_SCRIPT_SANDBOXING = YES;
				GCC_C_LANGUAGE_STANDARD = gnu17;
				GCC_NO_COMMON_BLOCKS = YES;
				GCC_WARN_64_TO_32_BIT_CONVERSION = YES;
				GCC_WARN_ABOUT_RETURN_TYPE = YES_ERROR;
				GCC_WARN_UNDECLARED_SELECTOR = YES;
				GCC_WARN_UNINITIALIZED_AUTOS = YES_AGGRESSIVE;
				GCC_WARN_UNUSED_FUNCTION = YES;
				GCC_WARN_UNUSED_VARIABLE = YES;
				LOCALIZATION_PREFERS_STRING_CATALOGS = YES;
				MTL_ENABLE_DEBUG_INFO = NO;
				MTL_FAST_MATH = YES;
				SWIFT_COMPILATION_MODE = wholemodule;
			};
			name = Release;
		};
		4D20622C2C84D3C600D51CED /* Debug */ = {
			isa = XCBuildConfiguration;
			buildSettings = {
				BUNDLE_LOADER = "$(TEST_HOST)";
				CODE_SIGN_STYLE = Automatic;
				CURRENT_PROJECT_VERSION = 1;
				DEVELOPMENT_TEAM = 3SJ2422ERE;
				GENERATE_INFOPLIST_FILE = YES;
				IPHONEOS_DEPLOYMENT_TARGET = 18.1;
				MACOSX_DEPLOYMENT_TARGET = 14.6;
				MARKETING_VERSION = 1.0;
				PRODUCT_BUNDLE_IDENTIFIER = com.emulovevolume.PocketMonsterIndexTests;
				PRODUCT_NAME = "$(TARGET_NAME)";
				SDKROOT = auto;
				SUPPORTED_PLATFORMS = "iphoneos iphonesimulator macosx xros xrsimulator";
				SWIFT_EMIT_LOC_STRINGS = NO;
				SWIFT_VERSION = 5.0;
				TARGETED_DEVICE_FAMILY = "1,2,7";
				TEST_HOST = "$(BUILT_PRODUCTS_DIR)/PocketMonsterIndex.app/$(BUNDLE_EXECUTABLE_FOLDER_PATH)/PocketMonsterIndex";
				XROS_DEPLOYMENT_TARGET = 2.0;
			};
			name = Debug;
		};
		4D20622D2C84D3C600D51CED /* Release */ = {
			isa = XCBuildConfiguration;
			buildSettings = {
				BUNDLE_LOADER = "$(TEST_HOST)";
				CODE_SIGN_STYLE = Automatic;
				CURRENT_PROJECT_VERSION = 1;
				DEVELOPMENT_TEAM = 3SJ2422ERE;
				GENERATE_INFOPLIST_FILE = YES;
				IPHONEOS_DEPLOYMENT_TARGET = 18.1;
				MACOSX_DEPLOYMENT_TARGET = 14.6;
				MARKETING_VERSION = 1.0;
				PRODUCT_BUNDLE_IDENTIFIER = com.emulovevolume.PocketMonsterIndexTests;
				PRODUCT_NAME = "$(TARGET_NAME)";
				SDKROOT = auto;
				SUPPORTED_PLATFORMS = "iphoneos iphonesimulator macosx xros xrsimulator";
				SWIFT_EMIT_LOC_STRINGS = NO;
				SWIFT_VERSION = 5.0;
				TARGETED_DEVICE_FAMILY = "1,2,7";
				TEST_HOST = "$(BUILT_PRODUCTS_DIR)/PocketMonsterIndex.app/$(BUNDLE_EXECUTABLE_FOLDER_PATH)/PocketMonsterIndex";
				XROS_DEPLOYMENT_TARGET = 2.0;
			};
			name = Release;
		};
		4D20622F2C84D3C600D51CED /* Debug */ = {
			isa = XCBuildConfiguration;
			buildSettings = {
				CODE_SIGN_STYLE = Automatic;
				CURRENT_PROJECT_VERSION = 1;
				DEVELOPMENT_TEAM = 3SJ2422ERE;
				GENERATE_INFOPLIST_FILE = YES;
				IPHONEOS_DEPLOYMENT_TARGET = 18.1;
				MACOSX_DEPLOYMENT_TARGET = 14.6;
				MARKETING_VERSION = 1.0;
				PRODUCT_BUNDLE_IDENTIFIER = com.emulovevolume.PocketMonsterIndexUITests;
				PRODUCT_NAME = "$(TARGET_NAME)";
				SDKROOT = auto;
				SUPPORTED_PLATFORMS = "iphoneos iphonesimulator macosx xros xrsimulator";
				SWIFT_EMIT_LOC_STRINGS = NO;
				SWIFT_VERSION = 5.0;
				TARGETED_DEVICE_FAMILY = "1,2,7";
				TEST_TARGET_NAME = PocketMonsterIndex;
				XROS_DEPLOYMENT_TARGET = 2.0;
			};
			name = Debug;
		};
		4D2062302C84D3C600D51CED /* Release */ = {
			isa = XCBuildConfiguration;
			buildSettings = {
				CODE_SIGN_STYLE = Automatic;
				CURRENT_PROJECT_VERSION = 1;
				DEVELOPMENT_TEAM = 3SJ2422ERE;
				GENERATE_INFOPLIST_FILE = YES;
				IPHONEOS_DEPLOYMENT_TARGET = 18.1;
				MACOSX_DEPLOYMENT_TARGET = 14.6;
				MARKETING_VERSION = 1.0;
				PRODUCT_BUNDLE_IDENTIFIER = com.emulovevolume.PocketMonsterIndexUITests;
				PRODUCT_NAME = "$(TARGET_NAME)";
				SDKROOT = auto;
				SUPPORTED_PLATFORMS = "iphoneos iphonesimulator macosx xros xrsimulator";
				SWIFT_EMIT_LOC_STRINGS = NO;
				SWIFT_VERSION = 5.0;
				TARGETED_DEVICE_FAMILY = "1,2,7";
				TEST_TARGET_NAME = PocketMonsterIndex;
				XROS_DEPLOYMENT_TARGET = 2.0;
			};
			name = Release;
		};
/* End XCBuildConfiguration section */

/* Begin XCConfigurationList section */
		4D2061FA2C84D3C500D51CED /* Build configuration list for PBXProject "PocketMonsterIndex" */ = {
			isa = XCConfigurationList;
			buildConfigurations = (
				4D2062292C84D3C600D51CED /* Debug */,
				4D20622A2C84D3C600D51CED /* Release */,
			);
			defaultConfigurationIsVisible = 0;
			defaultConfigurationName = Release;
		};
		4D2062262C84D3C600D51CED /* Build configuration list for PBXNativeTarget "PocketMonsterIndex" */ = {
			isa = XCConfigurationList;
			buildConfigurations = (
				4D2062272C84D3C600D51CED /* Debug */,
				4D2062282C84D3C600D51CED /* Release */,
			);
			defaultConfigurationIsVisible = 0;
			defaultConfigurationName = Release;
		};
		4D20622B2C84D3C600D51CED /* Build configuration list for PBXNativeTarget "PocketMonsterIndexTests" */ = {
			isa = XCConfigurationList;
			buildConfigurations = (
				4D20622C2C84D3C600D51CED /* Debug */,
				4D20622D2C84D3C600D51CED /* Release */,
			);
			defaultConfigurationIsVisible = 0;
			defaultConfigurationName = Release;
		};
		4D20622E2C84D3C600D51CED /* Build configuration list for PBXNativeTarget "PocketMonsterIndexUITests" */ = {
			isa = XCConfigurationList;
			buildConfigurations = (
				4D20622F2C84D3C600D51CED /* Debug */,
				4D2062302C84D3C600D51CED /* Release */,
			);
			defaultConfigurationIsVisible = 0;
			defaultConfigurationName = Release;
		};
/* End XCConfigurationList section */

/* Begin XCRemoteSwiftPackageReference section */
		4D1FBD1E2C9F5D3000184AF6 /* XCRemoteSwiftPackageReference "Nuke" */ = {
			isa = XCRemoteSwiftPackageReference;
			repositoryURL = "https://github.com/kean/Nuke.git";
			requirement = {
				kind = upToNextMajorVersion;
				minimumVersion = 12.8.0;
			};
		};
		4D1FBD2E2CA08ED900184AF6 /* XCRemoteSwiftPackageReference "CodableCSV" */ = {
			isa = XCRemoteSwiftPackageReference;
			repositoryURL = "https://github.com/dehesa/CodableCSV.git";
			requirement = {
				kind = upToNextMajorVersion;
				minimumVersion = 0.6.7;
			};
		};
/* End XCRemoteSwiftPackageReference section */

/* Begin XCSwiftPackageProductDependency section */
		4D1FBD202C9F5DCD00184AF6 /* NukeUI */ = {
			isa = XCSwiftPackageProductDependency;
			package = 4D1FBD1E2C9F5D3000184AF6 /* XCRemoteSwiftPackageReference "Nuke" */;
			productName = NukeUI;
		};
		4D1FBD222C9F5DD100184AF6 /* Nuke */ = {
			isa = XCSwiftPackageProductDependency;
			package = 4D1FBD1E2C9F5D3000184AF6 /* XCRemoteSwiftPackageReference "Nuke" */;
			productName = Nuke;
		};
		4D1FBD2F2CA08ED900184AF6 /* CodableCSV */ = {
			isa = XCSwiftPackageProductDependency;
			package = 4D1FBD2E2CA08ED900184AF6 /* XCRemoteSwiftPackageReference "CodableCSV" */;
			productName = CodableCSV;
		};
/* End XCSwiftPackageProductDependency section */
	};
	rootObject = 4D2061F72C84D3C500D51CED /* Project object */;
}
